
Microsoft Visual Studio Solution File, Format Version 12.00
# Visual Studio Version 16
VisualStudioVersion = 16.0.29009.5
MinimumVisualStudioVersion = 10.0.40219.1
Project("{2150E333-8FDC-42A3-9474-1A3956D46DE8}") = "Data", "Data", "{5D77BD17-9AE4-48FF-9462-B4C47B36DF24}"
EndProject
Project("{2150E333-8FDC-42A3-9474-1A3956D46DE8}") = "Business", "Business", "{13B9AE4D-BD8F-4AF3-989D-70DE66143057}"
EndProject
Project("{2150E333-8FDC-42A3-9474-1A3956D46DE8}") = "Common", "Common", "{F31C27E8-AF1E-4355-917B-A74619B02C2C}"
EndProject
Project("{2150E333-8FDC-42A3-9474-1A3956D46DE8}") = "Presentation", "Presentation", "{8AA58043-A939-4AEF-A572-4E10F45806C2}"
EndProject
Project("{2150E333-8FDC-42A3-9474-1A3956D46DE8}") = "Interfaces", "Interfaces", "{D0C52887-0EA6-4FEB-B873-48ECD59B0D0E}"
EndProject
Project("{2150E333-8FDC-42A3-9474-1A3956D46DE8}") = "Logic", "Logic", "{A664BDDB-8354-45BB-A1E1-4FDFED6B05CE}"
EndProject
Project("{2150E333-8FDC-42A3-9474-1A3956D46DE8}") = "Extensions", "Extensions", "{59897D86-C3E7-4233-9035-7F85E1B7336F}"
EndProject
Project("{9A19103F-16F7-4668-BE54-9A1E7A4F7556}") = "RestFull.Business.Extensions", "src\Business\Extensions\code\RestFull.Business.Extensions.csproj", "{55B68091-AA22-4F71-89FB-C3C5C464498A}"
	ProjectSection(ProjectDependencies) = postProject
		{0823D73A-E613-4004-9BDC-822FCFBCDBDC} = {0823D73A-E613-4004-9BDC-822FCFBCDBDC}
		{E782EBF0-71FF-430B-84C5-2ECFC12B8D0E} = {E782EBF0-71FF-430B-84C5-2ECFC12B8D0E}
	EndProjectSection
EndProject
Project("{9A19103F-16F7-4668-BE54-9A1E7A4F7556}") = "RestFull.Business.Interfaces", "src\Business\Interfaces\code\RestFull.Business.Interfaces.csproj", "{0823D73A-E613-4004-9BDC-822FCFBCDBDC}"
EndProject
Project("{9A19103F-16F7-4668-BE54-9A1E7A4F7556}") = "RestFull.Business.Logic", "src\Business\Logic\code\RestFull.Business.Logic.csproj", "{E782EBF0-71FF-430B-84C5-2ECFC12B8D0E}"
EndProject
Project("{2150E333-8FDC-42A3-9474-1A3956D46DE8}") = "Enums", "Enums", "{F10A3CF0-AB7B-440E-B2D7-66A1322E7D90}"
EndProject
Project("{9A19103F-16F7-4668-BE54-9A1E7A4F7556}") = "RestFull.Common.Enums", "src\Common\Enums\code\RestFull.Common.Enums.csproj", "{535B7FDE-45AB-40D2-B45B-3B6FAACDC662}"
EndProject
Project("{2150E333-8FDC-42A3-9474-1A3956D46DE8}") = "SQL", "SQL", "{6184EB81-03D6-4AEB-BEAD-7D8D0B15A65D}"
EndProject
Project("{2150E333-8FDC-42A3-9474-1A3956D46DE8}") = "Extensions", "Extensions", "{C8DF982B-948D-4B0B-AE2D-47C0AA2D4752}"
EndProject
Project("{2150E333-8FDC-42A3-9474-1A3956D46DE8}") = "Entities", "Entities", "{1E99A921-F6D3-4B55-92F8-6C7B0B10066B}"
EndProject
Project("{2150E333-8FDC-42A3-9474-1A3956D46DE8}") = "Interfaces", "Interfaces", "{DA8717C4-A93A-4C66-9A9C-414B3848588F}"
EndProject
Project("{9A19103F-16F7-4668-BE54-9A1E7A4F7556}") = "RestFull.Data.Entities", "src\Data\Entities\code\RestFull.Data.Entities.csproj", "{E113AA9D-13E6-49E1-9F4F-08D72D565F1A}"
EndProject
Project("{9A19103F-16F7-4668-BE54-9A1E7A4F7556}") = "RestFull.Data.Interfaces", "src\Data\Interfaces\code\RestFull.Data.Interfaces.csproj", "{83BFE28E-E50C-4F53-97DD-C1B8271D8811}"
EndProject
Project("{9A19103F-16F7-4668-BE54-9A1E7A4F7556}") = "RestFull.Data.Extensions", "src\Data\Extensions\code\RestFull.Data.Extensions.csproj", "{80B92F11-8809-4FED-8730-7FE00B86515A}"
EndProject
Project("{9A19103F-16F7-4668-BE54-9A1E7A4F7556}") = "RestFull.Data.SQL", "src\Data\SQL\code\RestFull.Data.SQL.csproj", "{1A42A334-E9E2-4D16-AA63-3FA9DCEAA02D}"
EndProject
Project("{2150E333-8FDC-42A3-9474-1A3956D46DE8}") = "Web", "Web", "{38E72FAF-2EC7-43F2-8AED-583A5901E5FA}"
EndProject
Project("{9A19103F-16F7-4668-BE54-9A1E7A4F7556}") = "RestFull.Presentation.Web", "src\Presentation\Web\code\RestFull.Presentation.Web.csproj", "{03C6D5D1-71A2-4CB7-9524-E0AE3C2C4DFD}"
EndProject
Global
	GlobalSection(SolutionConfigurationPlatforms) = preSolution
		Debug|Any CPU = Debug|Any CPU
		Release|Any CPU = Release|Any CPU
	EndGlobalSection
	GlobalSection(ProjectConfigurationPlatforms) = postSolution
		{55B68091-AA22-4F71-89FB-C3C5C464498A}.Debug|Any CPU.ActiveCfg = Debug|Any CPU
		{55B68091-AA22-4F71-89FB-C3C5C464498A}.Debug|Any CPU.Build.0 = Debug|Any CPU
		{55B68091-AA22-4F71-89FB-C3C5C464498A}.Release|Any CPU.ActiveCfg = Release|Any CPU
		{55B68091-AA22-4F71-89FB-C3C5C464498A}.Release|Any CPU.Build.0 = Release|Any CPU
		{0823D73A-E613-4004-9BDC-822FCFBCDBDC}.Debug|Any CPU.ActiveCfg = Debug|Any CPU
		{0823D73A-E613-4004-9BDC-822FCFBCDBDC}.Debug|Any CPU.Build.0 = Debug|Any CPU
		{0823D73A-E613-4004-9BDC-822FCFBCDBDC}.Release|Any CPU.ActiveCfg = Release|Any CPU
		{0823D73A-E613-4004-9BDC-822FCFBCDBDC}.Release|Any CPU.Build.0 = Release|Any CPU
		{E782EBF0-71FF-430B-84C5-2ECFC12B8D0E}.Debug|Any CPU.ActiveCfg = Debug|Any CPU
		{E782EBF0-71FF-430B-84C5-2ECFC12B8D0E}.Debug|Any CPU.Build.0 = Debug|Any CPU
		{E782EBF0-71FF-430B-84C5-2ECFC12B8D0E}.Release|Any CPU.ActiveCfg = Release|Any CPU
		{E782EBF0-71FF-430B-84C5-2ECFC12B8D0E}.Release|Any CPU.Build.0 = Release|Any CPU
		{535B7FDE-45AB-40D2-B45B-3B6FAACDC662}.Debug|Any CPU.ActiveCfg = Debug|Any CPU
		{535B7FDE-45AB-40D2-B45B-3B6FAACDC662}.Debug|Any CPU.Build.0 = Debug|Any CPU
		{535B7FDE-45AB-40D2-B45B-3B6FAACDC662}.Release|Any CPU.ActiveCfg = Release|Any CPU
		{535B7FDE-45AB-40D2-B45B-3B6FAACDC662}.Release|Any CPU.Build.0 = Release|Any CPU
		{E113AA9D-13E6-49E1-9F4F-08D72D565F1A}.Debug|Any CPU.ActiveCfg = Debug|Any CPU
		{E113AA9D-13E6-49E1-9F4F-08D72D565F1A}.Debug|Any CPU.Build.0 = Debug|Any CPU
		{E113AA9D-13E6-49E1-9F4F-08D72D565F1A}.Release|Any CPU.ActiveCfg = Release|Any CPU
		{E113AA9D-13E6-49E1-9F4F-08D72D565F1A}.Release|Any CPU.Build.0 = Release|Any CPU
		{83BFE28E-E50C-4F53-97DD-C1B8271D8811}.Debug|Any CPU.ActiveCfg = Debug|Any CPU
		{83BFE28E-E50C-4F53-97DD-C1B8271D8811}.Debug|Any CPU.Build.0 = Debug|Any CPU
		{83BFE28E-E50C-4F53-97DD-C1B8271D8811}.Release|Any CPU.ActiveCfg = Release|Any CPU
		{83BFE28E-E50C-4F53-97DD-C1B8271D8811}.Release|Any CPU.Build.0 = Release|Any CPU
		{80B92F11-8809-4FED-8730-7FE00B86515A}.Debug|Any CPU.ActiveCfg = Debug|Any CPU
		{80B92F11-8809-4FED-8730-7FE00B86515A}.Debug|Any CPU.Build.0 = Debug|Any CPU
		{80B92F11-8809-4FED-8730-7FE00B86515A}.Release|Any CPU.ActiveCfg = Release|Any CPU
		{80B92F11-8809-4FED-8730-7FE00B86515A}.Release|Any CPU.Build.0 = Release|Any CPU
		{1A42A334-E9E2-4D16-AA63-3FA9DCEAA02D}.Debug|Any CPU.ActiveCfg = Debug|Any CPU
		{1A42A334-E9E2-4D16-AA63-3FA9DCEAA02D}.Debug|Any CPU.Build.0 = Debug|Any CPU
		{1A42A334-E9E2-4D16-AA63-3FA9DCEAA02D}.Release|Any CPU.ActiveCfg = Release|Any CPU
		{1A42A334-E9E2-4D16-AA63-3FA9DCEAA02D}.Release|Any CPU.Build.0 = Release|Any CPU
		{03C6D5D1-71A2-4CB7-9524-E0AE3C2C4DFD}.Debug|Any CPU.ActiveCfg = Debug|Any CPU
		{03C6D5D1-71A2-4CB7-9524-E0AE3C2C4DFD}.Debug|Any CPU.Build.0 = Debug|Any CPU
		{03C6D5D1-71A2-4CB7-9524-E0AE3C2C4DFD}.Release|Any CPU.ActiveCfg = Release|Any CPU
		{03C6D5D1-71A2-4CB7-9524-E0AE3C2C4DFD}.Release|Any CPU.Build.0 = Release|Any CPU
	EndGlobalSection
	GlobalSection(SolutionProperties) = preSolution
		HideSolutionNode = FALSE
	EndGlobalSection
	GlobalSection(NestedProjects) = preSolution
		{D0C52887-0EA6-4FEB-B873-48ECD59B0D0E} = {13B9AE4D-BD8F-4AF3-989D-70DE66143057}
		{A664BDDB-8354-45BB-A1E1-4FDFED6B05CE} = {13B9AE4D-BD8F-4AF3-989D-70DE66143057}
		{59897D86-C3E7-4233-9035-7F85E1B7336F} = {13B9AE4D-BD8F-4AF3-989D-70DE66143057}
		{55B68091-AA22-4F71-89FB-C3C5C464498A} = {59897D86-C3E7-4233-9035-7F85E1B7336F}
		{0823D73A-E613-4004-9BDC-822FCFBCDBDC} = {D0C52887-0EA6-4FEB-B873-48ECD59B0D0E}
		{E782EBF0-71FF-430B-84C5-2ECFC12B8D0E} = {A664BDDB-8354-45BB-A1E1-4FDFED6B05CE}
		{F10A3CF0-AB7B-440E-B2D7-66A1322E7D90} = {F31C27E8-AF1E-4355-917B-A74619B02C2C}
		{535B7FDE-45AB-40D2-B45B-3B6FAACDC662} = {F10A3CF0-AB7B-440E-B2D7-66A1322E7D90}
		{6184EB81-03D6-4AEB-BEAD-7D8D0B15A65D} = {5D77BD17-9AE4-48FF-9462-B4C47B36DF24}
		{C8DF982B-948D-4B0B-AE2D-47C0AA2D4752} = {5D77BD17-9AE4-48FF-9462-B4C47B36DF24}
		{1E99A921-F6D3-4B55-92F8-6C7B0B10066B} = {5D77BD17-9AE4-48FF-9462-B4C47B36DF24}
		{DA8717C4-A93A-4C66-9A9C-414B3848588F} = {5D77BD17-9AE4-48FF-9462-B4C47B36DF24}
		{E113AA9D-13E6-49E1-9F4F-08D72D565F1A} = {1E99A921-F6D3-4B55-92F8-6C7B0B10066B}
		{83BFE28E-E50C-4F53-97DD-C1B8271D8811} = {DA8717C4-A93A-4C66-9A9C-414B3848588F}
		{80B92F11-8809-4FED-8730-7FE00B86515A} = {C8DF982B-948D-4B0B-AE2D-47C0AA2D4752}
		{1A42A334-E9E2-4D16-AA63-3FA9DCEAA02D} = {6184EB81-03D6-4AEB-BEAD-7D8D0B15A65D}
		{38E72FAF-2EC7-43F2-8AED-583A5901E5FA} = {8AA58043-A939-4AEF-A572-4E10F45806C2}
		{03C6D5D1-71A2-4CB7-9524-E0AE3C2C4DFD} = {38E72FAF-2EC7-43F2-8AED-583A5901E5FA}
	EndGlobalSection
	GlobalSection(ExtensibilityGlobals) = postSolution
		SolutionGuid = {92DCB38E-E238-4F61-8763-8FD1E10D5D0C}
	EndGlobalSection
EndGlobal
